
Microsoft Visual Studio Solution File, Format Version 12.00
# Visual Studio Version 16
VisualStudioVersion = 16.0.32407.337
MinimumVisualStudioVersion = 10.0.40219.1
Project("{FAE04EC0-301F-11D3-BF4B-00C04F79EFBC}") = "CoxAutomotiveNgozika", "CoxAutomotiveNgozika\CoxAutomotiveNgozika.csproj", "{528A1A97-2668-4DC2-8A08-3737DAD571BC}"
EndProject
Global
	GlobalSection(SolutionConfigurationPlatforms) = preSolution
		Debug|Any CPU = Debug|Any CPU
		Release|Any CPU = Release|Any CPU
	EndGlobalSection
	GlobalSection(ProjectConfigurationPlatforms) = postSolution
		{528A1A97-2668-4DC2-8A08-3737DAD571BC}.Debug|Any CPU.ActiveCfg = Debug|Any CPU
		{528A1A97-2668-4DC2-8A08-3737DAD571BC}.Debug|Any CPU.Build.0 = Debug|Any CPU
		{528A1A97-2668-4DC2-8A08-3737DAD571BC}.Release|Any CPU.ActiveCfg = Release|Any CPU
		{528A1A97-2668-4DC2-8A08-3737DAD571BC}.Release|Any CPU.Build.0 = Release|Any CPU
	EndGlobalSection
	GlobalSection(SolutionProperties) = preSolution
		HideSolutionNode = FALSE
	EndGlobalSection
	GlobalSection(ExtensibilityGlobals) = postSolution
		SolutionGuid = {7E26DA5A-3A4C-42D6-BBBA-05E360AC140C}
	EndGlobalSection
EndGlobal
